dependencies:
- name: postgresql
  repository: https://charts.bitnami.com/bitnami
  version: 9.8.9
- name: redis
  repository: https://charts.bitnami.com/bitnami
  version: 10.9.0
digest: sha256:fb9aa1395caafd82d474fcd61348e81017b6cb798efa22ee1e2bcbf0920833f1
generated: "2020-11-01T22:39:11.06749042+10:00"
